
Microsoft Visual Studio Solution File, Format Version 12.00
# Visual Studio Version 17
VisualStudioVersion = 17.0.31903.59
MinimumVisualStudioVersion = 10.0.40219.1
Project("{FAE04EC0-301F-11D3-BF4B-00C04F79EFBC}") = "RTChat.Api", "RTChat.Api\RTChat.Api.csproj", "{19617798-BA37-4309-90E6-0206B03B4672}"
EndProject
Global
	GlobalSection(SolutionConfigurationPlatforms) = preSolution
		Debug|Any CPU = Debug|Any CPU
		Release|Any CPU = Release|Any CPU
	EndGlobalSection
	GlobalSection(SolutionProperties) = preSolution
		HideSolutionNode = FALSE
	EndGlobalSection
	GlobalSection(ProjectConfigurationPlatforms) = postSolution
		{19617798-BA37-4309-90E6-0206B03B4672}.Debug|Any CPU.ActiveCfg = Debug|Any CPU
		{19617798-BA37-4309-90E6-0206B03B4672}.Debug|Any CPU.Build.0 = Debug|Any CPU
		{19617798-BA37-4309-90E6-0206B03B4672}.Release|Any CPU.ActiveCfg = Release|Any CPU
		{19617798-BA37-4309-90E6-0206B03B4672}.Release|Any CPU.Build.0 = Release|Any CPU
	EndGlobalSection
EndGlobal
